
Microsoft Visual Studio Solution File, Format Version 12.00
# Visual Studio Version 17
VisualStudioVersion = 17.7.34031.279
MinimumVisualStudioVersion = 10.0.40219.1
Project("{9A19103F-16F7-4668-BE54-9A1E7A4F7556}") = "VideoRentalMVC", "VideoRentalMVC\VideoRentalMVC.csproj", "{4920A79D-25B1-40AA-A6ED-0CC751C7E76E}"
EndProject
Project("{FAE04EC0-301F-11D3-BF4B-00C04F79EFBC}") = "VideoRentalWeb", "VideoRentalWeb\VideoRentalWeb.csproj", "{E7E51939-4CD8-474A-9399-030DAB96CBFD}"
EndProject
Global
	GlobalSection(SolutionConfigurationPlatforms) = preSolution
		Debug|Any CPU = Debug|Any CPU
		Release|Any CPU = Release|Any CPU
	EndGlobalSection
	GlobalSection(ProjectConfigurationPlatforms) = postSolution
		{4920A79D-25B1-40AA-A6ED-0CC751C7E76E}.Debug|Any CPU.ActiveCfg = Debug|Any CPU
		{4920A79D-25B1-40AA-A6ED-0CC751C7E76E}.Debug|Any CPU.Build.0 = Debug|Any CPU
		{4920A79D-25B1-40AA-A6ED-0CC751C7E76E}.Release|Any CPU.ActiveCfg = Release|Any CPU
		{4920A79D-25B1-40AA-A6ED-0CC751C7E76E}.Release|Any CPU.Build.0 = Release|Any CPU
		{E7E51939-4CD8-474A-9399-030DAB96CBFD}.Debug|Any CPU.ActiveCfg = Debug|Any CPU
		{E7E51939-4CD8-474A-9399-030DAB96CBFD}.Debug|Any CPU.Build.0 = Debug|Any CPU
		{E7E51939-4CD8-474A-9399-030DAB96CBFD}.Release|Any CPU.ActiveCfg = Release|Any CPU
		{E7E51939-4CD8-474A-9399-030DAB96CBFD}.Release|Any CPU.Build.0 = Release|Any CPU
	EndGlobalSection
	GlobalSection(SolutionProperties) = preSolution
		HideSolutionNode = FALSE
	EndGlobalSection
	GlobalSection(ExtensibilityGlobals) = postSolution
		SolutionGuid = {69290A09-D675-4F79-8CF2-A025493CFA00}
	EndGlobalSection
EndGlobal
