
Microsoft Visual Studio Solution File, Format Version 12.00
# Visual Studio Version 17
VisualStudioVersion = 17.7.34031.279
MinimumVisualStudioVersion = 10.0.40219.1
Project("{FAE04EC0-301F-11D3-BF4B-00C04F79EFBC}") = "VideoRental", "VideoRental\VideoRental.csproj", "{542B3BB2-8FA5-46E5-8E28-22B6340A994E}"
EndProject
Project("{FAE04EC0-301F-11D3-BF4B-00C04F79EFBC}") = "VideoRentalModels", "VideoRentalLib\VideoRentalModels.csproj", "{754C4035-617E-4A5E-85CE-8D39B2D70F95}"
EndProject
Project("{FAE04EC0-301F-11D3-BF4B-00C04F79EFBC}") = "CRUD", "CRUD\CRUD.csproj", "{EF2C7FA9-78B2-4AD3-8DDD-DCD4EAA461F1}"
EndProject
Global
	GlobalSection(SolutionConfigurationPlatforms) = preSolution
		Debug|Any CPU = Debug|Any CPU
		Release|Any CPU = Release|Any CPU
	EndGlobalSection
	GlobalSection(ProjectConfigurationPlatforms) = postSolution
		{542B3BB2-8FA5-46E5-8E28-22B6340A994E}.Debug|Any CPU.ActiveCfg = Debug|Any CPU
		{542B3BB2-8FA5-46E5-8E28-22B6340A994E}.Debug|Any CPU.Build.0 = Debug|Any CPU
		{542B3BB2-8FA5-46E5-8E28-22B6340A994E}.Release|Any CPU.ActiveCfg = Release|Any CPU
		{542B3BB2-8FA5-46E5-8E28-22B6340A994E}.Release|Any CPU.Build.0 = Release|Any CPU
		{754C4035-617E-4A5E-85CE-8D39B2D70F95}.Debug|Any CPU.ActiveCfg = Debug|Any CPU
		{754C4035-617E-4A5E-85CE-8D39B2D70F95}.Debug|Any CPU.Build.0 = Debug|Any CPU
		{754C4035-617E-4A5E-85CE-8D39B2D70F95}.Release|Any CPU.ActiveCfg = Release|Any CPU
		{754C4035-617E-4A5E-85CE-8D39B2D70F95}.Release|Any CPU.Build.0 = Release|Any CPU
		{EF2C7FA9-78B2-4AD3-8DDD-DCD4EAA461F1}.Debug|Any CPU.ActiveCfg = Debug|Any CPU
		{EF2C7FA9-78B2-4AD3-8DDD-DCD4EAA461F1}.Debug|Any CPU.Build.0 = Debug|Any CPU
		{EF2C7FA9-78B2-4AD3-8DDD-DCD4EAA461F1}.Release|Any CPU.ActiveCfg = Release|Any CPU
		{EF2C7FA9-78B2-4AD3-8DDD-DCD4EAA461F1}.Release|Any CPU.Build.0 = Release|Any CPU
	EndGlobalSection
	GlobalSection(SolutionProperties) = preSolution
		HideSolutionNode = FALSE
	EndGlobalSection
	GlobalSection(ExtensibilityGlobals) = postSolution
		SolutionGuid = {69290A09-D675-4F79-8CF2-A025493CFA00}
	EndGlobalSection
EndGlobal
