
Microsoft Visual Studio Solution File, Format Version 12.00
# Visual Studio Version 17
VisualStudioVersion = 17.7.34031.279
MinimumVisualStudioVersion = 10.0.40219.1
Project("{9A19103F-16F7-4668-BE54-9A1E7A4F7556}") = "VideoRentalModels", "Models\VideoRentalModels.csproj", "{DBA31998-337C-44F3-B9DC-737603C7F589}"
EndProject
Project("{9A19103F-16F7-4668-BE54-9A1E7A4F7556}") = "VideoRental", "VideoRental\VideoRental.csproj", "{3D857873-4611-48E7-A0CA-6C32BBE5C359}"
EndProject
Project("{9A19103F-16F7-4668-BE54-9A1E7A4F7556}") = "CRUD", "CRUD\CRUD.csproj", "{7211AB68-9ACB-4B4C-A406-0EBCF0F91A72}"
EndProject
Project("{9A19103F-16F7-4668-BE54-9A1E7A4F7556}") = "VideoRentalWebApplication", "VideoRentalWebApplication\VideoRentalWebApplication.csproj", "{47D4B15B-FE68-4300-8DC3-D7D3C17AE39F}"
EndProject
Project("{9A19103F-16F7-4668-BE54-9A1E7A4F7556}") = "Services", "Services\Services.csproj", "{9B816A3B-C784-4A26-9861-498DFD5A4DC0}"
EndProject
Global
	GlobalSection(SolutionConfigurationPlatforms) = preSolution
		Debug|Any CPU = Debug|Any CPU
		Release|Any CPU = Release|Any CPU
	EndGlobalSection
	GlobalSection(ProjectConfigurationPlatforms) = postSolution
		{DBA31998-337C-44F3-B9DC-737603C7F589}.Debug|Any CPU.ActiveCfg = Debug|Any CPU
		{DBA31998-337C-44F3-B9DC-737603C7F589}.Debug|Any CPU.Build.0 = Debug|Any CPU
		{DBA31998-337C-44F3-B9DC-737603C7F589}.Release|Any CPU.ActiveCfg = Release|Any CPU
		{DBA31998-337C-44F3-B9DC-737603C7F589}.Release|Any CPU.Build.0 = Release|Any CPU
		{3D857873-4611-48E7-A0CA-6C32BBE5C359}.Debug|Any CPU.ActiveCfg = Debug|Any CPU
		{3D857873-4611-48E7-A0CA-6C32BBE5C359}.Debug|Any CPU.Build.0 = Debug|Any CPU
		{3D857873-4611-48E7-A0CA-6C32BBE5C359}.Release|Any CPU.ActiveCfg = Release|Any CPU
		{3D857873-4611-48E7-A0CA-6C32BBE5C359}.Release|Any CPU.Build.0 = Release|Any CPU
		{7211AB68-9ACB-4B4C-A406-0EBCF0F91A72}.Debug|Any CPU.ActiveCfg = Debug|Any CPU
		{7211AB68-9ACB-4B4C-A406-0EBCF0F91A72}.Debug|Any CPU.Build.0 = Debug|Any CPU
		{7211AB68-9ACB-4B4C-A406-0EBCF0F91A72}.Release|Any CPU.ActiveCfg = Release|Any CPU
		{7211AB68-9ACB-4B4C-A406-0EBCF0F91A72}.Release|Any CPU.Build.0 = Release|Any CPU
		{47D4B15B-FE68-4300-8DC3-D7D3C17AE39F}.Debug|Any CPU.ActiveCfg = Debug|Any CPU
		{47D4B15B-FE68-4300-8DC3-D7D3C17AE39F}.Debug|Any CPU.Build.0 = Debug|Any CPU
		{47D4B15B-FE68-4300-8DC3-D7D3C17AE39F}.Release|Any CPU.ActiveCfg = Release|Any CPU
		{47D4B15B-FE68-4300-8DC3-D7D3C17AE39F}.Release|Any CPU.Build.0 = Release|Any CPU
		{9B816A3B-C784-4A26-9861-498DFD5A4DC0}.Debug|Any CPU.ActiveCfg = Debug|Any CPU
		{9B816A3B-C784-4A26-9861-498DFD5A4DC0}.Debug|Any CPU.Build.0 = Debug|Any CPU
		{9B816A3B-C784-4A26-9861-498DFD5A4DC0}.Release|Any CPU.ActiveCfg = Release|Any CPU
		{9B816A3B-C784-4A26-9861-498DFD5A4DC0}.Release|Any CPU.Build.0 = Release|Any CPU
	EndGlobalSection
	GlobalSection(SolutionProperties) = preSolution
		HideSolutionNode = FALSE
	EndGlobalSection
	GlobalSection(ExtensibilityGlobals) = postSolution
		SolutionGuid = {69290A09-D675-4F79-8CF2-A025493CFA00}
	EndGlobalSection
EndGlobal
